
Microsoft Visual Studio Solution File, Format Version 12.00
# Visual Studio 15
VisualStudioVersion = 15.0.28307.1062
MinimumVisualStudioVersion = 10.0.40219.1
Project("{FAE04EC0-301F-11D3-BF4B-00C04F79EFBC}") = "OnBreak.Presentacion", "OnBreak.Presentacion\OnBreak.Presentacion.csproj", "{357CB4BA-4F3F-447B-9645-3081A9E4F05E}"
EndProject
Project("{FAE04EC0-301F-11D3-BF4B-00C04F79EFBC}") = "OnBreak.Modelo", "OnBreak.Modelo\OnBreak.Modelo.csproj", "{A6F74CF1-A521-48BD-91E4-154C7B90A12A}"
EndProject
Global
	GlobalSection(SolutionConfigurationPlatforms) = preSolution
		Debug|Any CPU = Debug|Any CPU
		Release|Any CPU = Release|Any CPU
	EndGlobalSection
	GlobalSection(ProjectConfigurationPlatforms) = postSolution
		{357CB4BA-4F3F-447B-9645-3081A9E4F05E}.Debug|Any CPU.ActiveCfg = Debug|Any CPU
		{357CB4BA-4F3F-447B-9645-3081A9E4F05E}.Debug|Any CPU.Build.0 = Debug|Any CPU
		{357CB4BA-4F3F-447B-9645-3081A9E4F05E}.Release|Any CPU.ActiveCfg = Release|Any CPU
		{357CB4BA-4F3F-447B-9645-3081A9E4F05E}.Release|Any CPU.Build.0 = Release|Any CPU
		{A6F74CF1-A521-48BD-91E4-154C7B90A12A}.Debug|Any CPU.ActiveCfg = Debug|Any CPU
		{A6F74CF1-A521-48BD-91E4-154C7B90A12A}.Debug|Any CPU.Build.0 = Debug|Any CPU
		{A6F74CF1-A521-48BD-91E4-154C7B90A12A}.Release|Any CPU.ActiveCfg = Release|Any CPU
		{A6F74CF1-A521-48BD-91E4-154C7B90A12A}.Release|Any CPU.Build.0 = Release|Any CPU
	EndGlobalSection
	GlobalSection(SolutionProperties) = preSolution
		HideSolutionNode = FALSE
	EndGlobalSection
	GlobalSection(ExtensibilityGlobals) = postSolution
		SolutionGuid = {E9DEC70F-EFD2-4B60-A021-BC709BB8807C}
	EndGlobalSection
EndGlobal
